
Microsoft Visual Studio Solution File, Format Version 12.00
# Visual Studio Version 17
VisualStudioVersion = 17.0.31903.59
MinimumVisualStudioVersion = 10.0.40219.1
Project("{FAE04EC0-301F-11D3-BF4B-00C04F79EFBC}") = "Demo-ConsoleApp-Add-Appsettings", "Demo-ConsoleApp-Add-Appsettings\Demo-ConsoleApp-Add-Appsettings.csproj", "{8F8B67D9-ACEB-436A-83FA-D2AD19E246A0}"
EndProject
Global
	GlobalSection(SolutionConfigurationPlatforms) = preSolution
		Debug|Any CPU = Debug|Any CPU
		Release|Any CPU = Release|Any CPU
	EndGlobalSection
	GlobalSection(ProjectConfigurationPlatforms) = postSolution
		{8F8B67D9-ACEB-436A-83FA-D2AD19E246A0}.Debug|Any CPU.ActiveCfg = Debug|Any CPU
		{8F8B67D9-ACEB-436A-83FA-D2AD19E246A0}.Debug|Any CPU.Build.0 = Debug|Any CPU
		{8F8B67D9-ACEB-436A-83FA-D2AD19E246A0}.Release|Any CPU.ActiveCfg = Release|Any CPU
		{8F8B67D9-ACEB-436A-83FA-D2AD19E246A0}.Release|Any CPU.Build.0 = Release|Any CPU
	EndGlobalSection
	GlobalSection(SolutionProperties) = preSolution
		HideSolutionNode = FALSE
	EndGlobalSection
	GlobalSection(ExtensibilityGlobals) = postSolution
		SolutionGuid = {B2BB45AC-D5CD-4E42-819E-A48BC73E8CB4}
	EndGlobalSection
EndGlobal
